
Microsoft Visual Studio Solution File, Format Version 12.00
# Visual Studio Version 17
VisualStudioVersion = 17.11.35312.102
MinimumVisualStudioVersion = 10.0.40219.1
Project("{FAE04EC0-301F-11D3-BF4B-00C04F79EFBC}") = "CAPTAR", "CAPTAR\CAPTAR.csproj", "{E6F361D5-8053-4F8B-8938-77BD1192745D}"
EndProject
Global
	GlobalSection(SolutionConfigurationPlatforms) = preSolution
		Debug|Any CPU = Debug|Any CPU
		Release|Any CPU = Release|Any CPU
	EndGlobalSection
	GlobalSection(ProjectConfigurationPlatforms) = postSolution
		{E6F361D5-8053-4F8B-8938-77BD1192745D}.Debug|Any CPU.ActiveCfg = Debug|Any CPU
		{E6F361D5-8053-4F8B-8938-77BD1192745D}.Debug|Any CPU.Build.0 = Debug|Any CPU
		{E6F361D5-8053-4F8B-8938-77BD1192745D}.Release|Any CPU.ActiveCfg = Release|Any CPU
		{E6F361D5-8053-4F8B-8938-77BD1192745D}.Release|Any CPU.Build.0 = Release|Any CPU
	EndGlobalSection
	GlobalSection(SolutionProperties) = preSolution
		HideSolutionNode = FALSE
	EndGlobalSection
	GlobalSection(ExtensibilityGlobals) = postSolution
		SolutionGuid = {984F87D9-3EA1-4963-852B-C910BAB49516}
	EndGlobalSection
EndGlobal
